// !$*UTF8*$!
{
	archiveVersion = 1;
	classes = {
	};
	objectVersion = 46;
	objects = {

/* Begin PBXBuildFile section */
		1C268B6F1B71044500143531 /* AppDelegate.swift in Sources */ = {isa = PBXBuildFile; fileRef = 1C268B6E1B71044500143531 /* AppDelegate.swift */; };
		1C268B711B71044500143531 /* ViewController.swift in Sources */ = {isa = PBXBuildFile; fileRef = 1C268B701B71044500143531 /* ViewController.swift */; };
		1C268B741B71044500143531 /* Main.storyboard in Resources */ = {isa = PBXBuildFile; fileRef = 1C268B721B71044500143531 /* Main.storyboard */; };
		1C268B761B71044500143531 /* Assets.xcassets in Resources */ = {isa = PBXBuildFile; fileRef = 1C268B751B71044500143531 /* Assets.xcassets */; };
		1C268B791B71044500143531 /* LaunchScreen.storyboard in Resources */ = {isa = PBXBuildFile; fileRef = 1C268B771B71044500143531 /* LaunchScreen.storyboard */; };
		1C268B841B71044500143531 /* SimpleTimerTests.swift in Sources */ = {isa = PBXBuildFile; fileRef = 1C268B831B71044500143531 /* SimpleTimerTests.swift */; };
		1C268B8F1B71044500143531 /* SimpleTimerUITests.swift in Sources */ = {isa = PBXBuildFile; fileRef = 1C268B8E1B71044500143531 /* SimpleTimerUITests.swift */; };
		1C8F8B6D1B738092006A1F70 /* Timer.swift in Sources */ = {isa = PBXBuildFile; fileRef = 1C8F8B6C1B738092006A1F70 /* Timer.swift */; };
/* End PBXBuildFile section */

/* Begin PBXContainerItemProxy section */
		1C268B801B71044500143531 /* PBXContainerItemProxy */ = {
			isa = PBXContainerItemProxy;
			containerPortal = 1C268B631B71044500143531 /* Project object */;
			proxyType = 1;
			remoteGlobalIDString = 1C268B6A1B71044500143531;
			remoteInfo = SimpleTimer;
		};
		1C268B8B1B71044500143531 /* PBXContainerItemProxy */ = {
			isa = PBXContainerItemProxy;
			containerPortal = 1C268B631B71044500143531 /* Project object */;
			proxyType = 1;
			remoteGlobalIDString = 1C268B6A1B71044500143531;
			remoteInfo = SimpleTimer;
		};
/* End PBXContainerItemProxy section */

/* Begin PBXFileReference section */
		1C268B6B1B71044500143531 /* SimpleTimer.app */ = {isa = PBXFileReference; explicitFileType = wrapper.application; includeInIndex = 0; path = SimpleTimer.app; sourceTree = BUILT_PRODUCTS_DIR; };
		1C268B6E1B71044500143531 /* AppDelegate.swift */ = {isa = PBXFileReference; lastKnownFileType = sourcecode.swift; path = AppDelegate.swift; sourceTree = "<group>"; };
		1C268B701B71044500143531 /* ViewController.swift */ = {isa = PBXFileReference; lastKnownFileType = sourcecode.swift; path = ViewController.swift; sourceTree = "<group>"; };
		1C268B731B71044500143531 /* Base */ = {isa = PBXFileReference; lastKnownFileType = file.storyboard; name = Base; path = Base.lproj/Main.storyboard; sourceTree = "<group>"; };
		1C268B751B71044500143531 /* Assets.xcassets */ = {isa = PBXFileReference; lastKnownFileType = folder.assetcatalog; path = Assets.xcassets; sourceTree = "<group>"; };
		1C268B781B71044500143531 /* Base */ = {isa = PBXFileReference; lastKnownFileType = file.storyboard; name = Base; path = Base.lproj/LaunchScreen.storyboard; sourceTree = "<group>"; };
		1C268B7A1B71044500143531 /* Info.plist */ = {isa = PBXFileReference; lastKnownFileType = text.plist.xml; path = Info.plist; sourceTree = "<group>"; };
		1C268B7F1B71044500143531 /* SimpleTimerTests.xctest */ = {isa = PBXFileReference; explicitFileType = wrapper.cfbundle; includeInIndex = 0; path = SimpleTimerTests.xctest; sourceTree = BUILT_PRODUCTS_DIR; };
		1C268B831B71044500143531 /* SimpleTimerTests.swift */ = {isa = PBXFileReference; lastKnownFileType = sourcecode.swift; path = SimpleTimerTests.swift; sourceTree = "<group>"; };
		1C268B851B71044500143531 /* Info.plist */ = {isa = PBXFileReference; lastKnownFileType = text.plist.xml; path = Info.plist; sourceTree = "<group>"; };
		1C268B8A1B71044500143531 /* SimpleTimerUITests.xctest */ = {isa = PBXFileReference; explicitFileType = wrapper.cfbundle; includeInIndex = 0; path = SimpleTimerUITests.xctest; sourceTree = BUILT_PRODUCTS_DIR; };
		1C268B8E1B71044500143531 /* SimpleTimerUITests.swift */ = {isa = PBXFileReference; lastKnownFileType = sourcecode.swift; path = SimpleTimerUITests.swift; sourceTree = "<group>"; };
		1C268B901B71044500143531 /* Info.plist */ = {isa = PBXFileReference; lastKnownFileType = text.plist.xml; path = Info.plist; sourceTree = "<group>"; };
		1C8F8B6C1B738092006A1F70 /* Timer.swift */ = {isa = PBXFileReference; fileEncoding = 4; lastKnownFileType = sourcecode.swift; path = Timer.swift; sourceTree = "<group>"; };
/* End PBXFileReference section */

/* Begin PBXFrameworksBuildPhase section */
		1C268B681B71044500143531 /* Frameworks */ = {
			isa = PBXFrameworksBuildPhase;
			buildActionMask = 2147483647;
			files = (
			);
			runOnlyForDeploymentPostprocessing = 0;
		};
		1C268B7C1B71044500143531 /* Frameworks */ = {
			isa = PBXFrameworksBuildPhase;
			buildActionMask = 2147483647;
			files = (
			);
			runOnlyForDeploymentPostprocessing = 0;
		};
		1C268B871B71044500143531 /* Frameworks */ = {
			isa = PBXFrameworksBuildPhase;
			buildActionMask = 2147483647;
			files = (
			);
			runOnlyForDeploymentPostprocessing = 0;
		};
/* End PBXFrameworksBuildPhase section */

/* Begin PBXGroup section */
		1C268B621B71044500143531 = {
			isa = PBXGroup;
			children = (
				1C268B6D1B71044500143531 /* SimpleTimer */,
				1C268B821B71044500143531 /* SimpleTimerTests */,
				1C268B8D1B71044500143531 /* SimpleTimerUITests */,
				1C268B6C1B71044500143531 /* Products */,
			);
			sourceTree = "<group>";
		};
		1C268B6C1B71044500143531 /* Products */ = {
			isa = PBXGroup;
			children = (
				1C268B6B1B71044500143531 /* SimpleTimer.app */,
				1C268B7F1B71044500143531 /* SimpleTimerTests.xctest */,
				1C268B8A1B71044500143531 /* SimpleTimerUITests.xctest */,
			);
			name = Products;
			sourceTree = "<group>";
		};
		1C268B6D1B71044500143531 /* SimpleTimer */ = {
			isa = PBXGroup;
			children = (
				1C268B6E1B71044500143531 /* AppDelegate.swift */,
				1C268B701B71044500143531 /* ViewController.swift */,
				1C8F8B6C1B738092006A1F70 /* Timer.swift */,
				1C268B721B71044500143531 /* Main.storyboard */,
				1C268B751B71044500143531 /* Assets.xcassets */,
				1C268B771B71044500143531 /* LaunchScreen.storyboard */,
				1C268B7A1B71044500143531 /* Info.plist */,
			);
			path = SimpleTimer;
			sourceTree = "<group>";
		};
		1C268B821B71044500143531 /* SimpleTimerTests */ = {
			isa = PBXGroup;
			children = (
				1C268B831B71044500143531 /* SimpleTimerTests.swift */,
				1C268B851B71044500143531 /* Info.plist */,
			);
			path = SimpleTimerTests;
			sourceTree = "<group>";
		};
		1C268B8D1B71044500143531 /* SimpleTimerUITests */ = {
			isa = PBXGroup;
			children = (
				1C268B8E1B71044500143531 /* SimpleTimerUITests.swift */,
				1C268B901B71044500143531 /* Info.plist */,
			);
			path = SimpleTimerUITests;
			sourceTree = "<group>";
		};
/* End PBXGroup section */

/* Begin PBXNativeTarget section */
		1C268B6A1B71044500143531 /* SimpleTimer */ = {
			isa = PBXNativeTarget;
			buildConfigurationList = 1C268B931B71044500143531 /* Build configuration list for PBXNativeTarget "SimpleTimer" */;
			buildPhases = (
				1C268B671B71044500143531 /* Sources */,
				1C268B681B71044500143531 /* Frameworks */,
				1C268B691B71044500143531 /* Resources */,
			);
			buildRules = (
			);
			dependencies = (
			);
			name = SimpleTimer;
			productName = SimpleTimer;
			productReference = 1C268B6B1B71044500143531 /* SimpleTimer.app */;
			productType = "com.apple.product-type.application";
		};
		1C268B7E1B71044500143531 /* SimpleTimerTests */ = {
			isa = PBXNativeTarget;
			buildConfigurationList = 1C268B961B71044500143531 /* Build configuration list for PBXNativeTarget "SimpleTimerTests" */;
			buildPhases = (
				1C268B7B1B71044500143531 /* Sources */,
				1C268B7C1B71044500143531 /* Frameworks */,
				1C268B7D1B71044500143531 /* Resources */,
			);
			buildRules = (
			);
			dependencies = (
				1C268B811B71044500143531 /* PBXTargetDependency */,
			);
			name = SimpleTimerTests;
			productName = SimpleTimerTests;
			productReference = 1C268B7F1B71044500143531 /* SimpleTimerTests.xctest */;
			productType = "com.apple.product-type.bundle.unit-test";
		};
		1C268B891B71044500143531 /* SimpleTimerUITests */ = {
			isa = PBXNativeTarget;
			buildConfigurationList = 1C268B991B71044500143531 /* Build configuration list for PBXNativeTarget "SimpleTimerUITests" */;
			buildPhases = (
				1C268B861B71044500143531 /* Sources */,
				1C268B871B71044500143531 /* Frameworks */,
				1C268B881B71044500143531 /* Resources */,
			);
			buildRules = (
			);
			dependencies = (
				1C268B8C1B71044500143531 /* PBXTargetDependency */,
			);
			name = SimpleTimerUITests;
			productName = SimpleTimerUITests;
			productReference = 1C268B8A1B71044500143531 /* SimpleTimerUITests.xctest */;
			productType = "com.apple.product-type.bundle.ui-testing";
		};
/* End PBXNativeTarget section */

/* Begin PBXProject section */
		1C268B631B71044500143531 /* Project object */ = {
			isa = PBXProject;
			attributes = {
				LastUpgradeCheck = 0700;
				ORGANIZATIONNAME = "Giwrgos Gens";
				TargetAttributes = {
					1C268B6A1B71044500143531 = {
						CreatedOnToolsVersion = 7.0;
					};
					1C268B7E1B71044500143531 = {
						CreatedOnToolsVersion = 7.0;
						TestTargetID = 1C268B6A1B71044500143531;
					};
					1C268B891B71044500143531 = {
						CreatedOnToolsVersion = 7.0;
						TestTargetID = 1C268B6A1B71044500143531;
					};
				};
			};
			buildConfigurationList = 1C268B661B71044500143531 /* Build configuration list for PBXProject "SimpleTimer" */;
			compatibilityVersion = "Xcode 3.2";
			developmentRegion = English;
			hasScannedForEncodings = 0;
			knownRegions = (
				en,
				Base,
			);
			mainGroup = 1C268B621B71044500143531;
			productRefGroup = 1C268B6C1B71044500143531 /* Products */;
			projectDirPath = "";
			projectRoot = "";
			targets = (
				1C268B6A1B71044500143531 /* SimpleTimer */,
				1C268B7E1B71044500143531 /* SimpleTimerTests */,
				1C268B891B71044500143531 /* SimpleTimerUITests */,
			);
		};
/* End PBXProject section */

/* Begin PBXResourcesBuildPhase section */
		1C268B691B71044500143531 /* Resources */ = {
			isa = PBXResourcesBuildPhase;
			buildActionMask = 2147483647;
			files = (
				1C268B791B71044500143531 /* LaunchScreen.storyboard in Resources */,
				1C268B761B71044500143531 /* Assets.xcassets in Resources */,
				1C268B741B71044500143531 /* Main.storyboard in Resources */,
			);
			runOnlyForDeploymentPostprocessing = 0;
		};
		1C268B7D1B71044500143531 /* Resources */ = {
			isa = PBXResourcesBuildPhase;
			buildActionMask = 2147483647;
			files = (
			);
			runOnlyForDeploymentPostprocessing = 0;
		};
		1C268B881B71044500143531 /* Resources */ = {
			isa = PBXResourcesBuildPhase;
			buildActionMask = 2147483647;
			files = (
			);
			runOnlyForDeploymentPostprocessing = 0;
		};
/* End PBXResourcesBuildPhase section */

/* Begin PBXSourcesBuildPhase section */
		1C268B671B71044500143531 /* Sources */ = {
			isa = PBXSourcesBuildPhase;
			buildActionMask = 2147483647;
			files = (
				1C8F8B6D1B738092006A1F70 /* Timer.swift in Sources */,
				1C268B711B71044500143531 /* ViewController.swift in Sources */,
				1C268B6F1B71044500143531 /* AppDelegate.swift in Sources */,
			);
			runOnlyForDeploymentPostprocessing = 0;
		};
		1C268B7B1B71044500143531 /* Sources */ = {
			isa = PBXSourcesBuildPhase;
			buildActionMask = 2147483647;
			files = (
				1C268B841B71044500143531 /* SimpleTimerTests.swift in Sources */,
			);
			runOnlyForDeploymentPostprocessing = 0;
		};
		1C268B861B71044500143531 /* Sources */ = {
			isa = PBXSourcesBuildPhase;
			buildActionMask = 2147483647;
			files = (
				1C268B8F1B71044500143531 /* SimpleTimerUITests.swift in Sources */,
			);
			runOnlyForDeploymentPostprocessing = 0;
		};
/* End PBXSourcesBuildPhase section */

/* Begin PBXTargetDependency section */
		1C268B811B71044500143531 /* PBXTargetDependency */ = {
			isa = PBXTargetDependency;
			target = 1C268B6A1B71044500143531 /* SimpleTimer */;
			targetProxy = 1C268B801B71044500143531 /* PBXContainerItemProxy */;
		};
		1C268B8C1B71044500143531 /* PBXTargetDependency */ = {
			isa = PBXTargetDependency;
			target = 1C268B6A1B71044500143531 /* SimpleTimer */;
			targetProxy = 1C268B8B1B71044500143531 /* PBXContainerItemProxy */;
		};
/* End PBXTargetDependency section */

/* Begin PBXVariantGroup section */
		1C268B721B71044500143531 /* Main.storyboard */ = {
			isa = PBXVariantGroup;
			children = (
				1C268B731B71044500143531 /* Base */,
			);
			name = Main.storyboard;
			sourceTree = "<group>";
		};
		1C268B771B71044500143531 /* LaunchScreen.storyboard */ = {
			isa = PBXVariantGroup;
			children = (
				1C268B781B71044500143531 /* Base */,
			);
			name = LaunchScreen.storyboard;
			sourceTree = "<group>";
		};
/* End PBXVariantGroup section */

/* Begin XCBuildConfiguration section */
		1C268B911B71044500143531 /* Debug */ = {
			isa = XCBuildConfiguration;
			buildSettings = {
				ALWAYS_SEARCH_USER_PATHS = NO;
				CLANG_CXX_LANGUAGE_STANDARD = "gnu++0x";
				CLANG_CXX_LIBRARY = "libc++";
				CLANG_ENABLE_MODULES = YES;
				CLANG_ENABLE_OBJC_ARC = YES;
				CLANG_WARN_BOOL_CONVERSION = YES;
				CLANG_WARN_CONSTANT_CONVERSION = YES;
				CLANG_WARN_DIRECT_OBJC_ISA_USAGE = YES_ERROR;
				CLANG_WARN_EMPTY_BODY = YES;
				CLANG_WARN_ENUM_CONVERSION = YES;
				CLANG_WARN_INT_CONVERSION = YES;
				CLANG_WARN_OBJC_ROOT_CLASS = YES_ERROR;
				CLANG_WARN_UNREACHABLE_CODE = YES;
				CLANG_WARN__DUPLICATE_METHOD_MATCH = YES;
				"CODE_SIGN_IDENTITY[sdk=iphoneos*]" = "iPhone Developer";
				COPY_PHASE_STRIP = NO;
				DEBUG_INFORMATION_FORMAT = dwarf;
				ENABLE_STRICT_OBJC_MSGSEND = YES;
				ENABLE_TESTABILITY = YES;
				GCC_C_LANGUAGE_STANDARD = gnu99;
				GCC_DYNAMIC_NO_PIC = NO;
				GCC_NO_COMMON_BLOCKS = YES;
				GCC_OPTIMIZATION_LEVEL = 0;
				GCC_PREPROCESSOR_DEFINITIONS = (
					"DEBUG=1",
					"$(inherited)",
				);
				GCC_WARN_64_TO_32_BIT_CONVERSION = YES;
				GCC_WARN_ABOUT_RETURN_TYPE = YES_ERROR;
				GCC_WARN_UNDECLARED_SELECTOR = YES;
				GCC_WARN_UNINITIALIZED_AUTOS = YES_AGGRESSIVE;
				GCC_WARN_UNUSED_FUNCTION = YES;
				GCC_WARN_UNUSED_VARIABLE = YES;
				IPHONEOS_DEPLOYMENT_TARGET = 9.0;
				MTL_ENABLE_DEBUG_INFO = YES;
				ONLY_ACTIVE_ARCH = YES;
				SDKROOT = iphoneos;
				SWIFT_OPTIMIZATION_LEVEL = "-Onone";
			};
			name = Debug;
		};
		1C268B921B71044500143531 /* Release */ = {
			isa = XCBuildConfiguration;
			buildSettings = {
				ALWAYS_SEARCH_USER_PATHS = NO;
				CLANG_CXX_LANGUAGE_STANDARD = "gnu++0x";
				CLANG_CXX_LIBRARY = "libc++";
				CLANG_ENABLE_MODULES = YES;
				CLANG_ENABLE_OBJC_ARC = YES;
				CLANG_WARN_BOOL_CONVERSION = YES;
				CLANG_WARN_CONSTANT_CONVERSION = YES;
				CLANG_WARN_DIRECT_OBJC_ISA_USAGE = YES_ERROR;
				CLANG_WARN_EMPTY_BODY = YES;
				CLANG_WARN_ENUM_CONVERSION = YES;
				CLANG_WARN_INT_CONVERSION = YES;
				CLANG_WARN_OBJC_ROOT_CLASS = YES_ERROR;
				CLANG_WARN_UNREACHABLE_CODE = YES;
				CLANG_WARN__DUPLICATE_METHOD_MATCH = YES;
				"CODE_SIGN_IDENTITY[sdk=iphoneos*]" = "iPhone Developer";
				COPY_PHASE_STRIP = NO;
				DEBUG_INFORMATION_FORMAT = "dwarf-with-dsym";
				ENABLE_NS_ASSERTIONS = NO;
				ENABLE_STRICT_OBJC_MSGSEND = YES;
				GCC_C_LANGUAGE_STANDARD = gnu99;
				GCC_NO_COMMON_BLOCKS = YES;
				GCC_WARN_64_TO_32_BIT_CONVERSION = YES;
				GCC_WARN_ABOUT_RETURN_TYPE = YES_ERROR;
				GCC_WARN_UNDECLARED_SELECTOR = YES;
				GCC_WARN_UNINITIALIZED_AUTOS = YES_AGGRESSIVE;
				GCC_WARN_UNUSED_FUNCTION = YES;
				GCC_WARN_UNUSED_VARIABLE = YES;
				IPHONEOS_DEPLOYMENT_TARGET = 9.0;
				MTL_ENABLE_DEBUG_INFO = NO;
				SDKROOT = iphoneos;
				VALIDATE_PRODUCT = YES;
			};
			name = Release;
		};
		1C268B941B71044500143531 /* Debug */ = {
			isa = XCBuildConfiguration;
			buildSettings = {
				ASSETCATALOG_COMPILER_APPICON_NAME = AppIcon;
				INFOPLIST_FILE = SimpleTimer/Info.plist;
				LD_RUNPATH_SEARCH_PATHS = "$(inherited) @executable_path/Frameworks";
				PRODUCT_BUNDLE_IDENTIFIER = GepalCreations.SimpleTimer;
				PRODUCT_NAME = "$(TARGET_NAME)";
			};
			name = Debug;
		};
		1C268B951B71044500143531 /* Release */ = {
			isa = XCBuildConfiguration;
			buildSettings = {
				ASSETCATALOG_COMPILER_APPICON_NAME = AppIcon;
				INFOPLIST_FILE = SimpleTimer/Info.plist;
				LD_RUNPATH_SEARCH_PATHS = "$(inherited) @executable_path/Frameworks";
				PRODUCT_BUNDLE_IDENTIFIER = GepalCreations.SimpleTimer;
				PRODUCT_NAME = "$(TARGET_NAME)";
			};
			name = Release;
		};
		1C268B971B71044500143531 /* Debug */ = {
			isa = XCBuildConfiguration;
			buildSettings = {
				BUNDLE_LOADER = "$(TEST_HOST)";
				INFOPLIST_FILE = SimpleTimerTests/Info.plist;
				LD_RUNPATH_SEARCH_PATHS = "$(inherited) @executable_path/Frameworks @loader_path/Frameworks";
				PRODUCT_BUNDLE_IDENTIFIER = GepalCreations.SimpleTimerTests;
				PRODUCT_NAME = "$(TARGET_NAME)";
				TEST_HOST = "$(BUILT_PRODUCTS_DIR)/SimpleTimer.app/SimpleTimer";
			};
			name = Debug;
		};
		1C268B981B71044500143531 /* Release */ = {
			isa = XCBuildConfiguration;
			buildSettings = {
				BUNDLE_LOADER = "$(TEST_HOST)";
				INFOPLIST_FILE = SimpleTimerTests/Info.plist;
				LD_RUNPATH_SEARCH_PATHS = "$(inherited) @executable_path/Frameworks @loader_path/Frameworks";
				PRODUCT_BUNDLE_IDENTIFIER = GepalCreations.SimpleTimerTests;
				PRODUCT_NAME = "$(TARGET_NAME)";
				TEST_HOST = "$(BUILT_PRODUCTS_DIR)/SimpleTimer.app/SimpleTimer";
			};
			name = Release;
		};
		1C268B9A1B71044500143531 /* Debug */ = {
			isa = XCBuildConfiguration;
			buildSettings = {
				INFOPLIST_FILE = SimpleTimerUITests/Info.plist;
				LD_RUNPATH_SEARCH_PATHS = "$(inherited) @executable_path/Frameworks @loader_path/Frameworks";
				PRODUCT_BUNDLE_IDENTIFIER = GepalCreations.SimpleTimerUITests;
				PRODUCT_NAME = "$(TARGET_NAME)";
				TEST_TARGET_NAME = SimpleTimer;
				USES_XCTRUNNER = YES;
			};
			name = Debug;
		};
		1C268B9B1B71044500143531 /* Release */ = {
			isa = XCBuildConfiguration;
			buildSettings = {
				INFOPLIST_FILE = SimpleTimerUITests/Info.plist;
				LD_RUNPATH_SEARCH_PATHS = "$(inherited) @executable_path/Frameworks @loader_path/Frameworks";
				PRODUCT_BUNDLE_IDENTIFIER = GepalCreations.SimpleTimerUITests;
				PRODUCT_NAME = "$(TARGET_NAME)";
				TEST_TARGET_NAME = SimpleTimer;
				USES_XCTRUNNER = YES;
			};
			name = Release;
		};
/* End XCBuildConfiguration section */

/* Begin XCConfigurationList section */
		1C268B661B71044500143531 /* Build configuration list for PBXProject "SimpleTimer" */ = {
			isa = XCConfigurationList;
			buildConfigurations = (
				1C268B911B71044500143531 /* Debug */,
				1C268B921B71044500143531 /* Release */,
			);
			defaultConfigurationIsVisible = 0;
			defaultConfigurationName = Release;
		};
		1C268B931B71044500143531 /* Build configuration list for PBXNativeTarget "SimpleTimer" */ = {
			isa = XCConfigurationList;
			buildConfigurations = (
				1C268B941B71044500143531 /* Debug */,
				1C268B951B71044500143531 /* Release */,
			);
			defaultConfigurationIsVisible = 0;
			defaultConfigurationName = Release;
		};
		1C268B961B71044500143531 /* Build configuration list for PBXNativeTarget "SimpleTimerTests" */ = {
			isa = XCConfigurationList;
			buildConfigurations = (
				1C268B971B71044500143531 /* Debug */,
				1C268B981B71044500143531 /* Release */,
			);
			defaultConfigurationIsVisible = 0;
			defaultConfigurationName = Release;
		};
		1C268B991B71044500143531 /* Build configuration list for PBXNativeTarget "SimpleTimerUITests" */ = {
			isa = XCConfigurationList;
			buildConfigurations = (
				1C268B9A1B71044500143531 /* Debug */,
				1C268B9B1B71044500143531 /* Release */,
			);
			defaultConfigurationIsVisible = 0;
			defaultConfigurationName = Release;
		};
/* End XCConfigurationList section */
	};
	rootObject = 1C268B631B71044500143531 /* Project object */;
}
